
Microsoft Visual Studio Solution File, Format Version 12.00
# Visual Studio Version 17
VisualStudioVersion = 17.0.31903.59
MinimumVisualStudioVersion = 10.0.40219.1
Project("{FAE04EC0-301F-11D3-BF4B-00C04F79EFBC}") = "Game.Client.Godot", "Game.Client.Godot.csproj", "{5144F6A9-69C0-44F7-921B-330E06C45629}"
EndProject
Project("{FAE04EC0-301F-11D3-BF4B-00C04F79EFBC}") = "Game.Sim", "..\Game.Sim\Game.Sim.csproj", "{42BE7DEB-3508-4069-84C4-F4D1A1C50398}"
EndProject
Global
	GlobalSection(SolutionConfigurationPlatforms) = preSolution
		Debug|Any CPU = Debug|Any CPU
		Release|Any CPU = Release|Any CPU
	EndGlobalSection
	GlobalSection(SolutionProperties) = preSolution
		HideSolutionNode = FALSE
	EndGlobalSection
	GlobalSection(ProjectConfigurationPlatforms) = postSolution
		{5144F6A9-69C0-44F7-921B-330E06C45629}.Debug|Any CPU.ActiveCfg = Debug|Any CPU
		{5144F6A9-69C0-44F7-921B-330E06C45629}.Debug|Any CPU.Build.0 = Debug|Any CPU
		{5144F6A9-69C0-44F7-921B-330E06C45629}.Release|Any CPU.ActiveCfg = Debug|Any CPU
		{5144F6A9-69C0-44F7-921B-330E06C45629}.Release|Any CPU.Build.0 = Debug|Any CPU
		{42BE7DEB-3508-4069-84C4-F4D1A1C50398}.Debug|Any CPU.ActiveCfg = Debug|Any CPU
		{42BE7DEB-3508-4069-84C4-F4D1A1C50398}.Debug|Any CPU.Build.0 = Debug|Any CPU
		{42BE7DEB-3508-4069-84C4-F4D1A1C50398}.Release|Any CPU.ActiveCfg = Release|Any CPU
		{42BE7DEB-3508-4069-84C4-F4D1A1C50398}.Release|Any CPU.Build.0 = Release|Any CPU
	EndGlobalSection
EndGlobal
